
Microsoft Visual Studio Solution File, Format Version 12.00
# Visual Studio Version 17
VisualStudioVersion = 17.14.36511.14
MinimumVisualStudioVersion = 10.0.40219.1
Project("{54A90642-561A-4BB1-A94E-469ADEE60C69}") = "JSViewer_Angular_Core.Client", "JSViewer_Angular_Core.Client\JSViewer_Angular_Core.Client.esproj", "{1107AB56-F410-7502-9B1F-3DD9B1571EC2}"
EndProject
Project("{FAE04EC0-301F-11D3-BF4B-00C04F79EFBC}") = "JSViewer_Angular_Core.Server", "JSViewer_Angular_Core.Server\JSViewer_Angular_Core.Server.csproj", "{CA031056-B80D-45B3-A6E9-666D3BFBA3C8}"
EndProject
Global
	GlobalSection(SolutionConfigurationPlatforms) = preSolution
		Debug|Any CPU = Debug|Any CPU
		Release|Any CPU = Release|Any CPU
	EndGlobalSection
	GlobalSection(ProjectConfigurationPlatforms) = postSolution
		{1107AB56-F410-7502-9B1F-3DD9B1571EC2}.Debug|Any CPU.ActiveCfg = Debug|Any CPU
		{1107AB56-F410-7502-9B1F-3DD9B1571EC2}.Debug|Any CPU.Build.0 = Debug|Any CPU
		{1107AB56-F410-7502-9B1F-3DD9B1571EC2}.Debug|Any CPU.Deploy.0 = Debug|Any CPU
		{1107AB56-F410-7502-9B1F-3DD9B1571EC2}.Release|Any CPU.ActiveCfg = Release|Any CPU
		{1107AB56-F410-7502-9B1F-3DD9B1571EC2}.Release|Any CPU.Build.0 = Release|Any CPU
		{1107AB56-F410-7502-9B1F-3DD9B1571EC2}.Release|Any CPU.Deploy.0 = Release|Any CPU
		{CA031056-B80D-45B3-A6E9-666D3BFBA3C8}.Debug|Any CPU.ActiveCfg = Debug|Any CPU
		{CA031056-B80D-45B3-A6E9-666D3BFBA3C8}.Debug|Any CPU.Build.0 = Debug|Any CPU
		{CA031056-B80D-45B3-A6E9-666D3BFBA3C8}.Release|Any CPU.ActiveCfg = Release|Any CPU
		{CA031056-B80D-45B3-A6E9-666D3BFBA3C8}.Release|Any CPU.Build.0 = Release|Any CPU
	EndGlobalSection
	GlobalSection(SolutionProperties) = preSolution
		HideSolutionNode = FALSE
	EndGlobalSection
	GlobalSection(ExtensibilityGlobals) = postSolution
		SolutionGuid = {9F8FC2D2-5159-4417-9938-6E32DE2E436F}
	EndGlobalSection
EndGlobal
